
Microsoft Visual Studio Solution File, Format Version 12.00
# Visual Studio Version 17
VisualStudioVersion = 17.8.34408.163
MinimumVisualStudioVersion = 10.0.40219.1
Project("{9A19103F-16F7-4668-BE54-9A1E7A4F7556}") = "Ambermoon.Editor", "Ambermoon.Editor\Ambermoon.Editor.csproj", "{EA9906E0-2F85-499C-BE63-B60642C4D42C}"
EndProject
Project("{9A19103F-16F7-4668-BE54-9A1E7A4F7556}") = "Ambermoon.Data.GameDataRepository", "..\Ambermoon.net\Ambermoon.Data.GameDataRepository\Ambermoon.Data.GameDataRepository.csproj", "{45778BE7-3DFA-4DF9-94BB-FB7E80BEFDAE}"
EndProject
Project("{9A19103F-16F7-4668-BE54-9A1E7A4F7556}") = "Ambermoon.Data.Common", "..\Ambermoon.net\Ambermoon.Data.Common\Ambermoon.Data.Common.csproj", "{5AF3F1A7-5337-4139-8862-D8D89C2B8F58}"
EndProject
Global
	GlobalSection(SolutionConfigurationPlatforms) = preSolution
		Debug|Any CPU = Debug|Any CPU
		DebugAndroid|Any CPU = DebugAndroid|Any CPU
		DebugES|Any CPU = DebugES|Any CPU
		Release|Any CPU = Release|Any CPU
		ReleaseES|Any CPU = ReleaseES|Any CPU
	EndGlobalSection
	GlobalSection(ProjectConfigurationPlatforms) = postSolution
		{EA9906E0-2F85-499C-BE63-B60642C4D42C}.Debug|Any CPU.ActiveCfg = Debug|Any CPU
		{EA9906E0-2F85-499C-BE63-B60642C4D42C}.Debug|Any CPU.Build.0 = Debug|Any CPU
		{EA9906E0-2F85-499C-BE63-B60642C4D42C}.DebugAndroid|Any CPU.ActiveCfg = Debug|Any CPU
		{EA9906E0-2F85-499C-BE63-B60642C4D42C}.DebugAndroid|Any CPU.Build.0 = Debug|Any CPU
		{EA9906E0-2F85-499C-BE63-B60642C4D42C}.DebugES|Any CPU.ActiveCfg = Debug|Any CPU
		{EA9906E0-2F85-499C-BE63-B60642C4D42C}.DebugES|Any CPU.Build.0 = Debug|Any CPU
		{EA9906E0-2F85-499C-BE63-B60642C4D42C}.Release|Any CPU.ActiveCfg = Release|Any CPU
		{EA9906E0-2F85-499C-BE63-B60642C4D42C}.Release|Any CPU.Build.0 = Release|Any CPU
		{EA9906E0-2F85-499C-BE63-B60642C4D42C}.ReleaseES|Any CPU.ActiveCfg = Release|Any CPU
		{EA9906E0-2F85-499C-BE63-B60642C4D42C}.ReleaseES|Any CPU.Build.0 = Release|Any CPU
		{45778BE7-3DFA-4DF9-94BB-FB7E80BEFDAE}.Debug|Any CPU.ActiveCfg = Debug|Any CPU
		{45778BE7-3DFA-4DF9-94BB-FB7E80BEFDAE}.Debug|Any CPU.Build.0 = Debug|Any CPU
		{45778BE7-3DFA-4DF9-94BB-FB7E80BEFDAE}.DebugAndroid|Any CPU.ActiveCfg = Debug|Any CPU
		{45778BE7-3DFA-4DF9-94BB-FB7E80BEFDAE}.DebugAndroid|Any CPU.Build.0 = Debug|Any CPU
		{45778BE7-3DFA-4DF9-94BB-FB7E80BEFDAE}.DebugES|Any CPU.ActiveCfg = Debug|Any CPU
		{45778BE7-3DFA-4DF9-94BB-FB7E80BEFDAE}.DebugES|Any CPU.Build.0 = Debug|Any CPU
		{45778BE7-3DFA-4DF9-94BB-FB7E80BEFDAE}.Release|Any CPU.ActiveCfg = Release|Any CPU
		{45778BE7-3DFA-4DF9-94BB-FB7E80BEFDAE}.Release|Any CPU.Build.0 = Release|Any CPU
		{45778BE7-3DFA-4DF9-94BB-FB7E80BEFDAE}.ReleaseES|Any CPU.ActiveCfg = Release|Any CPU
		{45778BE7-3DFA-4DF9-94BB-FB7E80BEFDAE}.ReleaseES|Any CPU.Build.0 = Release|Any CPU
		{5AF3F1A7-5337-4139-8862-D8D89C2B8F58}.Debug|Any CPU.ActiveCfg = Debug|Any CPU
		{5AF3F1A7-5337-4139-8862-D8D89C2B8F58}.Debug|Any CPU.Build.0 = Debug|Any CPU
		{5AF3F1A7-5337-4139-8862-D8D89C2B8F58}.DebugAndroid|Any CPU.ActiveCfg = DebugAndroid|Any CPU
		{5AF3F1A7-5337-4139-8862-D8D89C2B8F58}.DebugAndroid|Any CPU.Build.0 = DebugAndroid|Any CPU
		{5AF3F1A7-5337-4139-8862-D8D89C2B8F58}.DebugES|Any CPU.ActiveCfg = DebugES|Any CPU
		{5AF3F1A7-5337-4139-8862-D8D89C2B8F58}.DebugES|Any CPU.Build.0 = DebugES|Any CPU
		{5AF3F1A7-5337-4139-8862-D8D89C2B8F58}.Release|Any CPU.ActiveCfg = Release|Any CPU
		{5AF3F1A7-5337-4139-8862-D8D89C2B8F58}.Release|Any CPU.Build.0 = Release|Any CPU
		{5AF3F1A7-5337-4139-8862-D8D89C2B8F58}.ReleaseES|Any CPU.ActiveCfg = ReleaseES|Any CPU
		{5AF3F1A7-5337-4139-8862-D8D89C2B8F58}.ReleaseES|Any CPU.Build.0 = ReleaseES|Any CPU
	EndGlobalSection
	GlobalSection(SolutionProperties) = preSolution
		HideSolutionNode = FALSE
	EndGlobalSection
	GlobalSection(ExtensibilityGlobals) = postSolution
		SolutionGuid = {A1883313-F91A-4262-858D-D821314DC60F}
	EndGlobalSection
EndGlobal
